
Microsoft Visual Studio Solution File, Format Version 12.00
# Visual Studio Version 17
VisualStudioVersion = 17.5.33530.505
MinimumVisualStudioVersion = 10.0.40219.1
Project("{FAE04EC0-301F-11D3-BF4B-00C04F79EFBC}") = "Consol  muna 1", "Consol  muna 1\Consol  muna 1.csproj", "{AD8E3964-84AB-4EB9-9428-F0845CF355F9}"
EndProject
Project("{FAE04EC0-301F-11D3-BF4B-00C04F79EFBC}") = "Consolemuna2", "Consolemuna2\Consolemuna2.csproj", "{6AEB3166-F2BA-4DD6-98E0-61E81BA93419}"
EndProject
Global
	GlobalSection(SolutionConfigurationPlatforms) = preSolution
		Debug|Any CPU = Debug|Any CPU
		Release|Any CPU = Release|Any CPU
	EndGlobalSection
	GlobalSection(ProjectConfigurationPlatforms) = postSolution
		{AD8E3964-84AB-4EB9-9428-F0845CF355F9}.Debug|Any CPU.ActiveCfg = Debug|Any CPU
		{AD8E3964-84AB-4EB9-9428-F0845CF355F9}.Debug|Any CPU.Build.0 = Debug|Any CPU
		{AD8E3964-84AB-4EB9-9428-F0845CF355F9}.Release|Any CPU.ActiveCfg = Release|Any CPU
		{AD8E3964-84AB-4EB9-9428-F0845CF355F9}.Release|Any CPU.Build.0 = Release|Any CPU
		{6AEB3166-F2BA-4DD6-98E0-61E81BA93419}.Debug|Any CPU.ActiveCfg = Debug|Any CPU
		{6AEB3166-F2BA-4DD6-98E0-61E81BA93419}.Debug|Any CPU.Build.0 = Debug|Any CPU
		{6AEB3166-F2BA-4DD6-98E0-61E81BA93419}.Release|Any CPU.ActiveCfg = Release|Any CPU
		{6AEB3166-F2BA-4DD6-98E0-61E81BA93419}.Release|Any CPU.Build.0 = Release|Any CPU
	EndGlobalSection
	GlobalSection(SolutionProperties) = preSolution
		HideSolutionNode = FALSE
	EndGlobalSection
	GlobalSection(ExtensibilityGlobals) = postSolution
		SolutionGuid = {96267FC9-4F25-4494-82E5-AF4420BBAB4C}
	EndGlobalSection
EndGlobal
